GIT
  remote: https://github.com/Shopify/liquid.git
  revision: 4e39ae4cc3da73921923c0669e0fc84a66b2f696
  ref: 4e39ae4cc3da73921923c0669e0fc84a66b2f696
  specs:
    liquid (5.14.0)
      bigdecimal
      strscan (>= 3.1.1)

GEM
  remote: https://rubygems.org/
  specs:
    base64 (0.3.0)
    bigdecimal (4.1.3)
    minitest (6.0.0)
      prism (~> 1.5)
    prism (1.9.0)
    strscan (3.1.8)

PLATFORMS
  ruby
  x86_64-linux

DEPENDENCIES
  base64 (~> 0.3)
  liquid (= 5.14.0)!
  minitest (= 6.0.0)

CHECKSUMS
  base64 (0.3.0) sha256=27337aeabad6ffae05c265c450490628ef3ebd4b67be58257393227588f5a97b
  bigdecimal (4.1.3) sha256=61ebe1e5e559bdc3cc6f2c0ee7f427321fc838f59611c294356eb04d6e21cf66
  liquid (5.14.0)
  minitest (6.0.0) sha256=4ca597fc1d735ea18d2b4b98c5fb1d5a6da4a6f35ddf32bd5fa3eded33a453be
  prism (1.9.0) sha256=7b530c6a9f92c24300014919c9dcbc055bf4cdf51ec30aed099b06cd6674ef85
  strscan (3.1.8) sha256=aae2db611a225559f21ffbb71765c9a4e60fd262534a9ea84f4f11c7f32f679e

RUBY VERSION
  ruby 4.0.7

BUNDLED WITH
  4.0.20
