GIT
  remote: https://github.com/Shopify/liquid.git
  revision: 4e39ae4cc3da73921923c0669e0fc84a66b2f696
  ref: 4e39ae4cc3da73921923c0669e0fc84a66b2f696
  specs:
    liquid (5.14.0)
      bigdecimal
      strscan (>= 3.1.1)

GEM
  remote: https://rubygems.org/
  specs:
    base64 (0.3.0)
    bigdecimal (4.1.3)
    google-protobuf (4.36.2)
      bigdecimal
      rake (~> 13.3)
    google-protobuf (4.36.2-x86_64-linux-gnu)
      bigdecimal
      rake (~> 13.3)
    googleapis-common-protos-types (1.23.0)
      google-protobuf (~> 4.26)
    grpc (1.83.0)
      google-protobuf (>= 3.25, < 5.0)
      googleapis-common-protos-types (~> 1.0)
    grpc (1.83.0-x86_64-linux-gnu)
      google-protobuf (>= 3.25, < 5.0)
      googleapis-common-protos-types (~> 1.0)
    grpc-tools (1.83.0)
    minitest (6.0.0)
      prism (~> 1.5)
    prism (1.9.0)
    rake (13.4.2)
    strscan (3.1.8)

PLATFORMS
  ruby
  x86_64-linux

DEPENDENCIES
  base64 (~> 0.3)
  google-protobuf (>= 4.31, < 5.0)
  grpc (= 1.83.0)
  grpc-tools (= 1.83.0)
  liquid (= 5.14.0)!
  minitest (= 6.0.0)

CHECKSUMS
  base64 (0.3.0) sha256=27337aeabad6ffae05c265c450490628ef3ebd4b67be58257393227588f5a97b
  bigdecimal (4.1.3) sha256=61ebe1e5e559bdc3cc6f2c0ee7f427321fc838f59611c294356eb04d6e21cf66
  google-protobuf (4.36.2) sha256=2f8daff50ae14aad36ab0ccdcf284065fa71d726c444efe114e6db82ffe62494
  google-protobuf (4.36.2-x86_64-linux-gnu) sha256=d25a820873e423f1d209ae8c672a4a28b019e2429debd0901d26670a0b4e14db
  googleapis-common-protos-types (1.23.0) sha256=992e740a523794d9fc5f29a504465d8fc737aaa16c930fe7228e3346860faf0a
  grpc (1.83.0) sha256=38119e7f9f7cbc98e79145201da4be470a7542b0befad454651d35015ea55c59
  grpc (1.83.0-x86_64-linux-gnu) sha256=25d66bfa3cb1b05258b3f9632478c7e7ceb52cb16ccc0b4b26d7df36be7158b1
  grpc-tools (1.83.0) sha256=d73ad7d181f32aa0bc53b797b55fa9eaca1c3f391bb624ac3d11f4069ce5ee9a
  liquid (5.14.0)
  minitest (6.0.0) sha256=4ca597fc1d735ea18d2b4b98c5fb1d5a6da4a6f35ddf32bd5fa3eded33a453be
  prism (1.9.0) sha256=7b530c6a9f92c24300014919c9dcbc055bf4cdf51ec30aed099b06cd6674ef85
  rake (13.4.2) sha256=cb825b2bd5f1f8e91ca37bddb4b9aaf345551b4731da62949be002fa89283701
  strscan (3.1.8) sha256=aae2db611a225559f21ffbb71765c9a4e60fd262534a9ea84f4f11c7f32f679e

RUBY VERSION
  ruby 4.0.7

BUNDLED WITH
  4.0.20
